
Microsoft Visual Studio Solution File, Format Version 12.00
# Visual Studio 15
VisualStudioVersion = 15.0.28307.1321
MinimumVisualStudioVersion = 10.0.40219.1
Project("{8BC9CEB8-8B4A-11D0-8D11-00A0C91BC942}") = "NIR2", "NIR2\NIR2.vcxproj", "{5EAF2109-0FC0-43C5-A543-FCEF49B49B46}"
EndProject
Global
	GlobalSection(SolutionConfigurationPlatforms) = preSolution
		Debug|x64 = Debug|x64
		Debug|x86 = Debug|x86
		Release|x64 = Release|x64
		Release|x86 = Release|x86
	EndGlobalSection
	GlobalSection(ProjectConfigurationPlatforms) = postSolution
		{5EAF2109-0FC0-43C5-A543-FCEF49B49B46}.Debug|x64.ActiveCfg = Debug|x64
		{5EAF2109-0FC0-43C5-A543-FCEF49B49B46}.Debug|x64.Build.0 = Debug|x64
		{5EAF2109-0FC0-43C5-A543-FCEF49B49B46}.Debug|x86.ActiveCfg = Debug|Win32
		{5EAF2109-0FC0-43C5-A543-FCEF49B49B46}.Debug|x86.Build.0 = Debug|Win32
		{5EAF2109-0FC0-43C5-A543-FCEF49B49B46}.Release|x64.ActiveCfg = Release|x64
		{5EAF2109-0FC0-43C5-A543-FCEF49B49B46}.Release|x64.Build.0 = Release|x64
		{5EAF2109-0FC0-43C5-A543-FCEF49B49B46}.Release|x86.ActiveCfg = Release|Win32
		{5EAF2109-0FC0-43C5-A543-FCEF49B49B46}.Release|x86.Build.0 = Release|Win32
	EndGlobalSection
	GlobalSection(SolutionProperties) = preSolution
		HideSolutionNode = FALSE
	EndGlobalSection
	GlobalSection(ExtensibilityGlobals) = postSolution
		SolutionGuid = {4716386B-557E-4DF7-9670-E669D6E859C8}
	EndGlobalSection
EndGlobal
